
Microsoft Visual Studio Solution File, Format Version 12.00
# Visual Studio 2013
VisualStudioVersion = 12.0.21005.1
MinimumVisualStudioVersion = 10.0.40219.1
Project("{FAE04EC0-301F-11D3-BF4B-00C04F79EFBC}") = "SimulacionTP", "SimulacionTP\SimulacionTP.csproj", "{DF522606-6494-4AA6-99D1-FDBCA65EBC5A}"
EndProject
Project("{FAE04EC0-301F-11D3-BF4B-00C04F79EFBC}") = "Clases", "Clases\Clases.csproj", "{19A12B2B-D141-428C-B069-48CB5BD02FCC}"
EndProject
Global
	GlobalSection(SolutionConfigurationPlatforms) = preSolution
		Debug|Any CPU = Debug|Any CPU
		Release|Any CPU = Release|Any CPU
	EndGlobalSection
	GlobalSection(ProjectConfigurationPlatforms) = postSolution
		{DF522606-6494-4AA6-99D1-FDBCA65EBC5A}.Debug|Any CPU.ActiveCfg = Debug|Any CPU
		{DF522606-6494-4AA6-99D1-FDBCA65EBC5A}.Debug|Any CPU.Build.0 = Debug|Any CPU
		{DF522606-6494-4AA6-99D1-FDBCA65EBC5A}.Release|Any CPU.ActiveCfg = Release|Any CPU
		{DF522606-6494-4AA6-99D1-FDBCA65EBC5A}.Release|Any CPU.Build.0 = Release|Any CPU
		{19A12B2B-D141-428C-B069-48CB5BD02FCC}.Debug|Any CPU.ActiveCfg = Debug|Any CPU
		{19A12B2B-D141-428C-B069-48CB5BD02FCC}.Debug|Any CPU.Build.0 = Debug|Any CPU
		{19A12B2B-D141-428C-B069-48CB5BD02FCC}.Release|Any CPU.ActiveCfg = Release|Any CPU
		{19A12B2B-D141-428C-B069-48CB5BD02FCC}.Release|Any CPU.Build.0 = Release|Any CPU
	EndGlobalSection
	GlobalSection(SolutionProperties) = preSolution
		HideSolutionNode = FALSE
	EndGlobalSection
EndGlobal
